// !$*UTF8*$!
{
	archiveVersion = 1;
	classes = {
	};
	objectVersion = 46;
	objects = {

/* Begin PBXBuildFile section */
		A860A21F1CF9CFBE00B94BB6 /* AllFiltr.cpp in Sources */ = {isa = PBXBuildFile; fileRef = A860A21D1CF9CFBE00B94BB6 /* AllFiltr.cpp */; };
		A860A22B1CF9CFC800B94BB6 /* CategoryFiltr.cpp in Sources */ = {isa = PBXBuildFile; fileRef = A860A2201CF9CFC800B94BB6 /* CategoryFiltr.cpp */; };
		A860A22C1CF9CFC800B94BB6 /* DateFiltr.cpp in Sources */ = {isa = PBXBuildFile; fileRef = A860A2221CF9CFC800B94BB6 /* DateFiltr.cpp */; };
		A860A22D1CF9CFC800B94BB6 /* DateTimeFiltr.cpp in Sources */ = {isa = PBXBuildFile; fileRef = A860A2241CF9CFC800B94BB6 /* DateTimeFiltr.cpp */; };
		A860A22E1CF9CFC800B94BB6 /* Event.cpp in Sources */ = {isa = PBXBuildFile; fileRef = A860A2261CF9CFC800B94BB6 /* Event.cpp */; };
		A860A22F1CF9CFC800B94BB6 /* Filtr.cpp in Sources */ = {isa = PBXBuildFile; fileRef = A860A2281CF9CFC800B94BB6 /* Filtr.cpp */; };
		A860A2301CF9CFC800B94BB6 /* main.cpp in Sources */ = {isa = PBXBuildFile; fileRef = A860A22A1CF9CFC800B94BB6 /* main.cpp */; };
		A860A2371CF9CFD200B94BB6 /* NowFiltr.cpp in Sources */ = {isa = PBXBuildFile; fileRef = A860A2311CF9CFD200B94BB6 /* NowFiltr.cpp */; };
		A860A2381CF9CFD200B94BB6 /* OrganaizerLib.cpp in Sources */ = {isa = PBXBuildFile; fileRef = A860A2331CF9CFD200B94BB6 /* OrganaizerLib.cpp */; };
		A860A2391CF9CFD200B94BB6 /* OutdateFiltr.cpp in Sources */ = {isa = PBXBuildFile; fileRef = A860A2351CF9CFD200B94BB6 /* OutdateFiltr.cpp */; };
/* End PBXBuildFile section */

/* Begin PBXCopyFilesBuildPhase section */
		A860A2111CF9CFB600B94BB6 /* CopyFiles */ = {
			isa = PBXCopyFilesBuildPhase;
			buildActionMask = 2147483647;
			dstPath = /usr/share/man/man1/;
			dstSubfolderSpec = 0;
			files = (
			);
			runOnlyForDeploymentPostprocessing = 1;
		};
/* End PBXCopyFilesBuildPhase section */

/* Begin PBXFileReference section */
		A860A2131CF9CFB600B94BB6 /* Calendar */ = {isa = PBXFileReference; explicitFileType = "compiled.mach-o.executable"; includeInIndex = 0; path = Calendar; sourceTree = BUILT_PRODUCTS_DIR; };
		A860A21D1CF9CFBE00B94BB6 /* AllFiltr.cpp */ = {isa = PBXFileReference; fileEncoding = 4; lastKnownFileType = sourcecode.cpp.cpp; name = AllFiltr.cpp; path = ../../AllFiltr.cpp; sourceTree = "<group>"; };
		A860A21E1CF9CFBE00B94BB6 /* AllFiltr.hpp */ = {isa = PBXFileReference; fileEncoding = 4; lastKnownFileType = sourcecode.cpp.h; name = AllFiltr.hpp; path = ../../AllFiltr.hpp; sourceTree = "<group>"; };
		A860A2201CF9CFC800B94BB6 /* CategoryFiltr.cpp */ = {isa = PBXFileReference; fileEncoding = 4; lastKnownFileType = sourcecode.cpp.cpp; name = CategoryFiltr.cpp; path = ../../CategoryFiltr.cpp; sourceTree = "<group>"; };
		A860A2211CF9CFC800B94BB6 /* CategoryFiltr.hpp */ = {isa = PBXFileReference; fileEncoding = 4; lastKnownFileType = sourcecode.cpp.h; name = CategoryFiltr.hpp; path = ../../CategoryFiltr.hpp; sourceTree = "<group>"; };
		A860A2221CF9CFC800B94BB6 /* DateFiltr.cpp */ = {isa = PBXFileReference; fileEncoding = 4; lastKnownFileType = sourcecode.cpp.cpp; name = DateFiltr.cpp; path = ../../DateFiltr.cpp; sourceTree = "<group>"; };
		A860A2231CF9CFC800B94BB6 /* DateFiltr.hpp */ = {isa = PBXFileReference; fileEncoding = 4; lastKnownFileType = sourcecode.cpp.h; name = DateFiltr.hpp; path = ../../DateFiltr.hpp; sourceTree = "<group>"; };
		A860A2241CF9CFC800B94BB6 /* DateTimeFiltr.cpp */ = {isa = PBXFileReference; fileEncoding = 4; lastKnownFileType = sourcecode.cpp.cpp; name = DateTimeFiltr.cpp; path = ../../DateTimeFiltr.cpp; sourceTree = "<group>"; };
		A860A2251CF9CFC800B94BB6 /* DateTimeFiltr.hpp */ = {isa = PBXFileReference; fileEncoding = 4; lastKnownFileType = sourcecode.cpp.h; name = DateTimeFiltr.hpp; path = ../../DateTimeFiltr.hpp; sourceTree = "<group>"; };
		A860A2261CF9CFC800B94BB6 /* Event.cpp */ = {isa = PBXFileReference; fileEncoding = 4; lastKnownFileType = sourcecode.cpp.cpp; name = Event.cpp; path = ../../Event.cpp; sourceTree = "<group>"; };
		A860A2271CF9CFC800B94BB6 /* Event.hpp */ = {isa = PBXFileReference; fileEncoding = 4; lastKnownFileType = sourcecode.cpp.h; name = Event.hpp; path = ../../Event.hpp; sourceTree = "<group>"; };
		A860A2281CF9CFC800B94BB6 /* Filtr.cpp */ = {isa = PBXFileReference; fileEncoding = 4; lastKnownFileType = sourcecode.cpp.cpp; name = Filtr.cpp; path = ../../Filtr.cpp; sourceTree = "<group>"; };
		A860A2291CF9CFC800B94BB6 /* Filtr.hpp */ = {isa = PBXFileReference; fileEncoding = 4; lastKnownFileType = sourcecode.cpp.h; name = Filtr.hpp; path = ../../Filtr.hpp; sourceTree = "<group>"; };
		A860A22A1CF9CFC800B94BB6 /* main.cpp */ = {isa = PBXFileReference; fileEncoding = 4; lastKnownFileType = sourcecode.cpp.cpp; name = main.cpp; path = ../../main.cpp; sourceTree = "<group>"; };
		A860A2311CF9CFD200B94BB6 /* NowFiltr.cpp */ = {isa = PBXFileReference; fileEncoding = 4; lastKnownFileType = sourcecode.cpp.cpp; name = NowFiltr.cpp; path = ../../NowFiltr.cpp; sourceTree = "<group>"; };
		A860A2321CF9CFD200B94BB6 /* NowFiltr.hpp */ = {isa = PBXFileReference; fileEncoding = 4; lastKnownFileType = sourcecode.cpp.h; name = NowFiltr.hpp; path = ../../NowFiltr.hpp; sourceTree = "<group>"; };
		A860A2331CF9CFD200B94BB6 /* OrganaizerLib.cpp */ = {isa = PBXFileReference; fileEncoding = 4; lastKnownFileType = sourcecode.cpp.cpp; name = OrganaizerLib.cpp; path = ../../OrganaizerLib.cpp; sourceTree = "<group>"; };
		A860A2341CF9CFD200B94BB6 /* OrganaizerLib.hpp */ = {isa = PBXFileReference; fileEncoding = 4; lastKnownFileType = sourcecode.cpp.h; name = OrganaizerLib.hpp; path = ../../OrganaizerLib.hpp; sourceTree = "<group>"; };
		A860A2351CF9CFD200B94BB6 /* OutdateFiltr.cpp */ = {isa = PBXFileReference; fileEncoding = 4; lastKnownFileType = sourcecode.cpp.cpp; name = OutdateFiltr.cpp; path = ../../OutdateFiltr.cpp; sourceTree = "<group>"; };
		A860A2361CF9CFD200B94BB6 /* OutdateFiltr.hpp */ = {isa = PBXFileReference; fileEncoding = 4; lastKnownFileType = sourcecode.cpp.h; name = OutdateFiltr.hpp; path = ../../OutdateFiltr.hpp; sourceTree = "<group>"; };
		A860A23A1CF9E1D100B94BB6 /* menu.txt */ = {isa = PBXFileReference; fileEncoding = 4; lastKnownFileType = text; name = menu.txt; path = ../../menu.txt; sourceTree = "<group>"; };
		A860A23B1CF9E1D900B94BB6 /* timetable.txt */ = {isa = PBXFileReference; fileEncoding = 4; lastKnownFileType = text; name = timetable.txt; path = ../../timetable.txt; sourceTree = "<group>"; };
/* End PBXFileReference section */

/* Begin PBXFrameworksBuildPhase section */
		A860A2101CF9CFB600B94BB6 /* Frameworks */ = {
			isa = PBXFrameworksBuildPhase;
			buildActionMask = 2147483647;
			files = (
			);
			runOnlyForDeploymentPostprocessing = 0;
		};
/* End PBXFrameworksBuildPhase section */

/* Begin PBXGroup section */
		A860A20A1CF9CFB600B94BB6 = {
			isa = PBXGroup;
			children = (
				A860A2151CF9CFB600B94BB6 /* Calendar */,
				A860A2141CF9CFB600B94BB6 /* Products */,
			);
			sourceTree = "<group>";
		};
		A860A2141CF9CFB600B94BB6 /* Products */ = {
			isa = PBXGroup;
			children = (
				A860A2131CF9CFB600B94BB6 /* Calendar */,
			);
			name = Products;
			sourceTree = "<group>";
		};
		A860A2151CF9CFB600B94BB6 /* Calendar */ = {
			isa = PBXGroup;
			children = (
				A860A23B1CF9E1D900B94BB6 /* timetable.txt */,
				A860A23A1CF9E1D100B94BB6 /* menu.txt */,
				A860A2311CF9CFD200B94BB6 /* NowFiltr.cpp */,
				A860A2321CF9CFD200B94BB6 /* NowFiltr.hpp */,
				A860A2331CF9CFD200B94BB6 /* OrganaizerLib.cpp */,
				A860A2341CF9CFD200B94BB6 /* OrganaizerLib.hpp */,
				A860A2351CF9CFD200B94BB6 /* OutdateFiltr.cpp */,
				A860A2361CF9CFD200B94BB6 /* OutdateFiltr.hpp */,
				A860A2201CF9CFC800B94BB6 /* CategoryFiltr.cpp */,
				A860A2211CF9CFC800B94BB6 /* CategoryFiltr.hpp */,
				A860A2221CF9CFC800B94BB6 /* DateFiltr.cpp */,
				A860A2231CF9CFC800B94BB6 /* DateFiltr.hpp */,
				A860A2241CF9CFC800B94BB6 /* DateTimeFiltr.cpp */,
				A860A2251CF9CFC800B94BB6 /* DateTimeFiltr.hpp */,
				A860A2261CF9CFC800B94BB6 /* Event.cpp */,
				A860A2271CF9CFC800B94BB6 /* Event.hpp */,
				A860A2281CF9CFC800B94BB6 /* Filtr.cpp */,
				A860A2291CF9CFC800B94BB6 /* Filtr.hpp */,
				A860A22A1CF9CFC800B94BB6 /* main.cpp */,
				A860A21D1CF9CFBE00B94BB6 /* AllFiltr.cpp */,
				A860A21E1CF9CFBE00B94BB6 /* AllFiltr.hpp */,
			);
			path = Calendar;
			sourceTree = "<group>";
		};
/* End PBXGroup section */

/* Begin PBXNativeTarget section */
		A860A2121CF9CFB600B94BB6 /* Calendar */ = {
			isa = PBXNativeTarget;
			buildConfigurationList = A860A21A1CF9CFB600B94BB6 /* Build configuration list for PBXNativeTarget "Calendar" */;
			buildPhases = (
				A860A20F1CF9CFB600B94BB6 /* Sources */,
				A860A2101CF9CFB600B94BB6 /* Frameworks */,
				A860A2111CF9CFB600B94BB6 /* CopyFiles */,
			);
			buildRules = (
			);
			dependencies = (
			);
			name = Calendar;
			productName = Calendar;
			productReference = A860A2131CF9CFB600B94BB6 /* Calendar */;
			productType = "com.apple.product-type.tool";
		};
/* End PBXNativeTarget section */

/* Begin PBXProject section */
		A860A20B1CF9CFB600B94BB6 /* Project object */ = {
			isa = PBXProject;
			attributes = {
				LastUpgradeCheck = 0720;
				ORGANIZATIONNAME = "Yevheniia Tsapkova";
				TargetAttributes = {
					A860A2121CF9CFB600B94BB6 = {
						CreatedOnToolsVersion = 7.2;
					};
				};
			};
			buildConfigurationList = A860A20E1CF9CFB600B94BB6 /* Build configuration list for PBXProject "Calendar" */;
			compatibilityVersion = "Xcode 3.2";
			developmentRegion = English;
			hasScannedForEncodings = 0;
			knownRegions = (
				en,
			);
			mainGroup = A860A20A1CF9CFB600B94BB6;
			productRefGroup = A860A2141CF9CFB600B94BB6 /* Products */;
			projectDirPath = "";
			projectRoot = "";
			targets = (
				A860A2121CF9CFB600B94BB6 /* Calendar */,
			);
		};
/* End PBXProject section */

/* Begin PBXSourcesBuildPhase section */
		A860A20F1CF9CFB600B94BB6 /* Sources */ = {
			isa = PBXSourcesBuildPhase;
			buildActionMask = 2147483647;
			files = (
				A860A22F1CF9CFC800B94BB6 /* Filtr.cpp in Sources */,
				A860A22E1CF9CFC800B94BB6 /* Event.cpp in Sources */,
				A860A22D1CF9CFC800B94BB6 /* DateTimeFiltr.cpp in Sources */,
				A860A2381CF9CFD200B94BB6 /* OrganaizerLib.cpp in Sources */,
				A860A2371CF9CFD200B94BB6 /* NowFiltr.cpp in Sources */,
				A860A22C1CF9CFC800B94BB6 /* DateFiltr.cpp in Sources */,
				A860A22B1CF9CFC800B94BB6 /* CategoryFiltr.cpp in Sources */,
				A860A2301CF9CFC800B94BB6 /* main.cpp in Sources */,
				A860A2391CF9CFD200B94BB6 /* OutdateFiltr.cpp in Sources */,
				A860A21F1CF9CFBE00B94BB6 /* AllFiltr.cpp in Sources */,
			);
			runOnlyForDeploymentPostprocessing = 0;
		};
/* End PBXSourcesBuildPhase section */

/* Begin XCBuildConfiguration section */
		A860A2181CF9CFB600B94BB6 /* Debug */ = {
			isa = XCBuildConfiguration;
			buildSettings = {
				ALWAYS_SEARCH_USER_PATHS = NO;
				CLANG_CXX_LANGUAGE_STANDARD = "gnu++0x";
				CLANG_CXX_LIBRARY = "libc++";
				CLANG_ENABLE_MODULES = YES;
				CLANG_ENABLE_OBJC_ARC = YES;
				CLANG_WARN_BOOL_CONVERSION = YES;
				CLANG_WARN_CONSTANT_CONVERSION = YES;
				CLANG_WARN_DIRECT_OBJC_ISA_USAGE = YES_ERROR;
				CLANG_WARN_EMPTY_BODY = YES;
				CLANG_WARN_ENUM_CONVERSION = YES;
				CLANG_WARN_INT_CONVERSION = YES;
				CLANG_WARN_OBJC_ROOT_CLASS = YES_ERROR;
				CLANG_WARN_UNREACHABLE_CODE = YES;
				CLANG_WARN__DUPLICATE_METHOD_MATCH = YES;
				CODE_SIGN_IDENTITY = "-";
				COPY_PHASE_STRIP = NO;
				DEBUG_INFORMATION_FORMAT = dwarf;
				ENABLE_STRICT_OBJC_MSGSEND = YES;
				ENABLE_TESTABILITY = YES;
				GCC_C_LANGUAGE_STANDARD = gnu99;
				GCC_DYNAMIC_NO_PIC = NO;
				GCC_NO_COMMON_BLOCKS = YES;
				GCC_OPTIMIZATION_LEVEL = 0;
				GCC_PREPROCESSOR_DEFINITIONS = (
					"DEBUG=1",
					"$(inherited)",
				);
				GCC_WARN_64_TO_32_BIT_CONVERSION = YES;
				GCC_WARN_ABOUT_RETURN_TYPE = YES_ERROR;
				GCC_WARN_UNDECLARED_SELECTOR = YES;
				GCC_WARN_UNINITIALIZED_AUTOS = YES_AGGRESSIVE;
				GCC_WARN_UNUSED_FUNCTION = YES;
				GCC_WARN_UNUSED_VARIABLE = YES;
				MACOSX_DEPLOYMENT_TARGET = 10.10;
				MTL_ENABLE_DEBUG_INFO = YES;
				ONLY_ACTIVE_ARCH = YES;
				SDKROOT = macosx;
			};
			name = Debug;
		};
		A860A2191CF9CFB600B94BB6 /* Release */ = {
			isa = XCBuildConfiguration;
			buildSettings = {
				ALWAYS_SEARCH_USER_PATHS = NO;
				CLANG_CXX_LANGUAGE_STANDARD = "gnu++0x";
				CLANG_CXX_LIBRARY = "libc++";
				CLANG_ENABLE_MODULES = YES;
				CLANG_ENABLE_OBJC_ARC = YES;
				CLANG_WARN_BOOL_CONVERSION = YES;
				CLANG_WARN_CONSTANT_CONVERSION = YES;
				CLANG_WARN_DIRECT_OBJC_ISA_USAGE = YES_ERROR;
				CLANG_WARN_EMPTY_BODY = YES;
				CLANG_WARN_ENUM_CONVERSION = YES;
				CLANG_WARN_INT_CONVERSION = YES;
				CLANG_WARN_OBJC_ROOT_CLASS = YES_ERROR;
				CLANG_WARN_UNREACHABLE_CODE = YES;
				CLANG_WARN__DUPLICATE_METHOD_MATCH = YES;
				CODE_SIGN_IDENTITY = "-";
				COPY_PHASE_STRIP = NO;
				DEBUG_INFORMATION_FORMAT = "dwarf-with-dsym";
				ENABLE_NS_ASSERTIONS = NO;
				ENABLE_STRICT_OBJC_MSGSEND = YES;
				GCC_C_LANGUAGE_STANDARD = gnu99;
				GCC_NO_COMMON_BLOCKS = YES;
				GCC_WARN_64_TO_32_BIT_CONVERSION = YES;
				GCC_WARN_ABOUT_RETURN_TYPE = YES_ERROR;
				GCC_WARN_UNDECLARED_SELECTOR = YES;
				GCC_WARN_UNINITIALIZED_AUTOS = YES_AGGRESSIVE;
				GCC_WARN_UNUSED_FUNCTION = YES;
				GCC_WARN_UNUSED_VARIABLE = YES;
				MACOSX_DEPLOYMENT_TARGET = 10.10;
				MTL_ENABLE_DEBUG_INFO = NO;
				SDKROOT = macosx;
			};
			name = Release;
		};
		A860A21B1CF9CFB600B94BB6 /* Debug */ = {
			isa = XCBuildConfiguration;
			buildSettings = {
				PRODUCT_NAME = "$(TARGET_NAME)";
			};
			name = Debug;
		};
		A860A21C1CF9CFB600B94BB6 /* Release */ = {
			isa = XCBuildConfiguration;
			buildSettings = {
				PRODUCT_NAME = "$(TARGET_NAME)";
			};
			name = Release;
		};
/* End XCBuildConfiguration section */

/* Begin XCConfigurationList section */
		A860A20E1CF9CFB600B94BB6 /* Build configuration list for PBXProject "Calendar" */ = {
			isa = XCConfigurationList;
			buildConfigurations = (
				A860A2181CF9CFB600B94BB6 /* Debug */,
				A860A2191CF9CFB600B94BB6 /* Release */,
			);
			defaultConfigurationIsVisible = 0;
			defaultConfigurationName = Release;
		};
		A860A21A1CF9CFB600B94BB6 /* Build configuration list for PBXNativeTarget "Calendar" */ = {
			isa = XCConfigurationList;
			buildConfigurations = (
				A860A21B1CF9CFB600B94BB6 /* Debug */,
				A860A21C1CF9CFB600B94BB6 /* Release */,
			);
			defaultConfigurationIsVisible = 0;
		};
/* End XCConfigurationList section */
	};
	rootObject = A860A20B1CF9CFB600B94BB6 /* Project object */;
}
